
Microsoft Visual Studio Solution File, Format Version 12.00
# Visual Studio Version 17
VisualStudioVersion = 17.8.34525.116
MinimumVisualStudioVersion = 10.0.40219.1
Project("{8BC9CEB8-8B4A-11D0-8D11-00A0C91BC942}") = "GitCppDemo", "GitCppDemo\GitCppDemo.vcxproj", "{F58EE4D3-98AA-4B1A-BF34-35D4F4D60430}"
EndProject
Global
	GlobalSection(SolutionConfigurationPlatforms) = preSolution
		Debug|x64 = Debug|x64
		Debug|x86 = Debug|x86
		Release|x64 = Release|x64
		Release|x86 = Release|x86
	EndGlobalSection
	GlobalSection(ProjectConfigurationPlatforms) = postSolution
		{F58EE4D3-98AA-4B1A-BF34-35D4F4D60430}.Debug|x64.ActiveCfg = Debug|x64
		{F58EE4D3-98AA-4B1A-BF34-35D4F4D60430}.Debug|x64.Build.0 = Debug|x64
		{F58EE4D3-98AA-4B1A-BF34-35D4F4D60430}.Debug|x86.ActiveCfg = Debug|Win32
		{F58EE4D3-98AA-4B1A-BF34-35D4F4D60430}.Debug|x86.Build.0 = Debug|Win32
		{F58EE4D3-98AA-4B1A-BF34-35D4F4D60430}.Release|x64.ActiveCfg = Release|x64
		{F58EE4D3-98AA-4B1A-BF34-35D4F4D60430}.Release|x64.Build.0 = Release|x64
		{F58EE4D3-98AA-4B1A-BF34-35D4F4D60430}.Release|x86.ActiveCfg = Release|Win32
		{F58EE4D3-98AA-4B1A-BF34-35D4F4D60430}.Release|x86.Build.0 = Release|Win32
	EndGlobalSection
	GlobalSection(SolutionProperties) = preSolution
		HideSolutionNode = FALSE
	EndGlobalSection
	GlobalSection(ExtensibilityGlobals) = postSolution
		SolutionGuid = {7B4E59D7-9109-46AB-9F9C-027361C1E25A}
	EndGlobalSection
EndGlobal
